
Microsoft Visual Studio Solution File, Format Version 12.00
# Visual Studio 15
VisualStudioVersion = 15.0.34112.143
MinimumVisualStudioVersion = 10.0.40219.1
Project("{FAE04EC0-301F-11D3-BF4B-00C04F79EFBC}") = "XNALearning", "XNALearning\XNALearning\XNALearning.csproj", "{EC50BCE3-FA39-41A3-967D-E36FE3D47634}"
EndProject
Project("{96E2B04D-8817-42C6-938A-82C39BA4D311}") = "XNALearningContent", "XNALearning\XNALearningContent\XNALearningContent.contentproj", "{B6938ACE-233D-407A-B42F-9917D49CBFC6}"
EndProject
Global
	GlobalSection(SolutionConfigurationPlatforms) = preSolution
		Debug|x86 = Debug|x86
		Release|x86 = Release|x86
	EndGlobalSection
	GlobalSection(ProjectConfigurationPlatforms) = postSolution
		{EC50BCE3-FA39-41A3-967D-E36FE3D47634}.Debug|x86.ActiveCfg = Debug|x86
		{EC50BCE3-FA39-41A3-967D-E36FE3D47634}.Debug|x86.Build.0 = Debug|x86
		{EC50BCE3-FA39-41A3-967D-E36FE3D47634}.Release|x86.ActiveCfg = Release|x86
		{EC50BCE3-FA39-41A3-967D-E36FE3D47634}.Release|x86.Build.0 = Release|x86
		{B6938ACE-233D-407A-B42F-9917D49CBFC6}.Debug|x86.ActiveCfg = Debug|x86
		{B6938ACE-233D-407A-B42F-9917D49CBFC6}.Release|x86.ActiveCfg = Release|x86
	EndGlobalSection
	GlobalSection(SolutionProperties) = preSolution
		HideSolutionNode = FALSE
	EndGlobalSection
	GlobalSection(ExtensibilityGlobals) = postSolution
		SolutionGuid = {2B2F245A-C266-4B14-8E2A-A7DABDB79E89}
	EndGlobalSection
EndGlobal
